// !$*UTF8*$!
{
	archiveVersion = 1;
	classes = {
	};
	objectVersion = 46;
	objects = {

/* Begin PBXBuildFile section */
		A36034701A97F90500DAEF3C /* main.m in Sources */ = {isa = PBXBuildFile; fileRef = A360346F1A97F90500DAEF3C /* main.m */; };
		A36034731A97F90500DAEF3C /* AppDelegate.m in Sources */ = {isa = PBXBuildFile; fileRef = A36034721A97F90500DAEF3C /* AppDelegate.m */; };
		A36034761A97F90500DAEF3C /* MasterViewController.m in Sources */ = {isa = PBXBuildFile; fileRef = A36034751A97F90500DAEF3C /* MasterViewController.m */; settings = {COMPILER_FLAGS = "-fno-objc-arc"; }; };
		A360347E1A97F90500DAEF3C /* Images.xcassets in Resources */ = {isa = PBXBuildFile; fileRef = A360347D1A97F90500DAEF3C /* Images.xcassets */; };
		A36034811A97F90500DAEF3C /* LaunchScreen.xib in Resources */ = {isa = PBXBuildFile; fileRef = A360347F1A97F90500DAEF3C /* LaunchScreen.xib */; };
		A360348D1A97F90500DAEF3C /* SalesforceRPTTests.m in Sources */ = {isa = PBXBuildFile; fileRef = A360348C1A97F90500DAEF3C /* SalesforceRPTTests.m */; };
		A360349A1A97FE4200DAEF3C /* Localizable.strings in Resources */ = {isa = PBXBuildFile; fileRef = A360349C1A97FE4200DAEF3C /* Localizable.strings */; };
		A36034A31A98071B00DAEF3C /* Counter.m in Sources */ = {isa = PBXBuildFile; fileRef = A36034A21A98071B00DAEF3C /* Counter.m */; };
		A36034A61A980AF100DAEF3C /* EventsLogTableViewController.m in Sources */ = {isa = PBXBuildFile; fileRef = A36034A51A980AF100DAEF3C /* EventsLogTableViewController.m */; };
		A36034A71A980AF100DAEF3C /* EventsLogTableViewController.m in Sources */ = {isa = PBXBuildFile; fileRef = A36034A51A980AF100DAEF3C /* EventsLogTableViewController.m */; };
		A36034AA1A980CC700DAEF3C /* Tracking.m in Sources */ = {isa = PBXBuildFile; fileRef = A36034A91A980CC700DAEF3C /* Tracking.m */; };
		A36034AB1A980CC700DAEF3C /* Tracking.m in Sources */ = {isa = PBXBuildFile; fileRef = A36034A91A980CC700DAEF3C /* Tracking.m */; };
		A36034AD1A9823F100DAEF3C /* Chart.html in Resources */ = {isa = PBXBuildFile; fileRef = A36034AC1A9823F100DAEF3C /* Chart.html */; };
		A36034AE1A9823F100DAEF3C /* Chart.html in Resources */ = {isa = PBXBuildFile; fileRef = A36034AC1A9823F100DAEF3C /* Chart.html */; };
		A36034B11A982D4200DAEF3C /* ChartViewController.m in Sources */ = {isa = PBXBuildFile; fileRef = A36034B01A982D4200DAEF3C /* ChartViewController.m */; };
		A36034B21A982D4200DAEF3C /* ChartViewController.m in Sources */ = {isa = PBXBuildFile; fileRef = A36034B01A982D4200DAEF3C /* ChartViewController.m */; };
/* End PBXBuildFile section */

/* Begin PBXContainerItemProxy section */
		A36034871A97F90500DAEF3C /* PBXContainerItemProxy */ = {
			isa = PBXContainerItemProxy;
			containerPortal = A36034621A97F90500DAEF3C /* Project object */;
			proxyType = 1;
			remoteGlobalIDString = A36034691A97F90500DAEF3C;
			remoteInfo = SalesforceRPT;
		};
/* End PBXContainerItemProxy section */

/* Begin PBXFileReference section */
		A360346A1A97F90500DAEF3C /* SalesforceRPT.app */ = {isa = PBXFileReference; explicitFileType = wrapper.application; includeInIndex = 0; path = SalesforceRPT.app; sourceTree = BUILT_PRODUCTS_DIR; };
		A360346E1A97F90500DAEF3C /* Info.plist */ = {isa = PBXFileReference; lastKnownFileType = text.plist.xml; path = Info.plist; sourceTree = "<group>"; };
		A360346F1A97F90500DAEF3C /* main.m */ = {isa = PBXFileReference; lastKnownFileType = sourcecode.c.objc; path = main.m; sourceTree = "<group>"; };
		A36034711A97F90500DAEF3C /* AppDelegate.h */ = {isa = PBXFileReference; lastKnownFileType = sourcecode.c.h; path = AppDelegate.h; sourceTree = "<group>"; };
		A36034721A97F90500DAEF3C /* AppDelegate.m */ = {isa = PBXFileReference; lastKnownFileType = sourcecode.c.objc; path = AppDelegate.m; sourceTree = "<group>"; };
		A36034741A97F90500DAEF3C /* MasterViewController.h */ = {isa = PBXFileReference; lastKnownFileType = sourcecode.c.h; path = MasterViewController.h; sourceTree = "<group>"; };
		A36034751A97F90500DAEF3C /* MasterViewController.m */ = {isa = PBXFileReference; lastKnownFileType = sourcecode.c.objc; path = MasterViewController.m; sourceTree = "<group>"; };
		A360347D1A97F90500DAEF3C /* Images.xcassets */ = {isa = PBXFileReference; lastKnownFileType = folder.assetcatalog; path = Images.xcassets; sourceTree = "<group>"; };
		A36034801A97F90500DAEF3C /* Base */ = {isa = PBXFileReference; lastKnownFileType = file.xib; name = Base; path = Base.lproj/LaunchScreen.xib; sourceTree = "<group>"; };
		A36034861A97F90500DAEF3C /* SalesforceRPTTests.xctest */ = {isa = PBXFileReference; explicitFileType = wrapper.cfbundle; includeInIndex = 0; path = SalesforceRPTTests.xctest; sourceTree = BUILT_PRODUCTS_DIR; };
		A360348B1A97F90500DAEF3C /* Info.plist */ = {isa = PBXFileReference; lastKnownFileType = text.plist.xml; path = Info.plist; sourceTree = "<group>"; };
		A360348C1A97F90500DAEF3C /* SalesforceRPTTests.m */ = {isa = PBXFileReference; lastKnownFileType = sourcecode.c.objc; path = SalesforceRPTTests.m; sourceTree = "<group>"; };
		A360349B1A97FE4200DAEF3C /* en */ = {isa = PBXFileReference; lastKnownFileType = text.plist.strings; name = en; path = en.lproj/Localizable.strings; sourceTree = "<group>"; };
		A360349D1A98014500DAEF3C /* fr */ = {isa = PBXFileReference; lastKnownFileType = text.plist.strings; name = fr; path = fr.lproj/Localizable.strings; sourceTree = "<group>"; };
		A360349E1A98014500DAEF3C /* fr */ = {isa = PBXFileReference; lastKnownFileType = text.plist.strings; name = fr; path = fr.lproj/LaunchScreen.strings; sourceTree = "<group>"; };
		A360349F1A98014F00DAEF3C /* es */ = {isa = PBXFileReference; lastKnownFileType = text.plist.strings; name = es; path = es.lproj/LaunchScreen.strings; sourceTree = "<group>"; };
		A36034A01A98014F00DAEF3C /* es */ = {isa = PBXFileReference; lastKnownFileType = text.plist.strings; name = es; path = es.lproj/Localizable.strings; sourceTree = "<group>"; };
		A36034A11A98071B00DAEF3C /* Counter.h */ = {isa = PBXFileReference; fileEncoding = 4; lastKnownFileType = sourcecode.c.h; path = Counter.h; sourceTree = "<group>"; };
		A36034A21A98071B00DAEF3C /* Counter.m */ = {isa = PBXFileReference; fileEncoding = 4; lastKnownFileType = sourcecode.c.objc; path = Counter.m; sourceTree = "<group>"; };
		A36034A41A980AF100DAEF3C /* EventsLogTableViewController.h */ = {isa = PBXFileReference; fileEncoding = 4; lastKnownFileType = sourcecode.c.h; path = EventsLogTableViewController.h; sourceTree = "<group>"; };
		A36034A51A980AF100DAEF3C /* EventsLogTableViewController.m */ = {isa = PBXFileReference; fileEncoding = 4; lastKnownFileType = sourcecode.c.objc; path = EventsLogTableViewController.m; sourceTree = "<group>"; };
		A36034A81A980CC700DAEF3C /* Tracking.h */ = {isa = PBXFileReference; fileEncoding = 4; lastKnownFileType = sourcecode.c.h; path = Tracking.h; sourceTree = "<group>"; };
		A36034A91A980CC700DAEF3C /* Tracking.m */ = {isa = PBXFileReference; fileEncoding = 4; lastKnownFileType = sourcecode.c.objc; path = Tracking.m; sourceTree = "<group>"; };
		A36034AC1A9823F100DAEF3C /* Chart.html */ = {isa = PBXFileReference; fileEncoding = 4; lastKnownFileType = text.html; path = Chart.html; sourceTree = "<group>"; };
		A36034AF1A982D4200DAEF3C /* ChartViewController.h */ = {isa = PBXFileReference; fileEncoding = 4; lastKnownFileType = sourcecode.c.h; path = ChartViewController.h; sourceTree = "<group>"; };
		A36034B01A982D4200DAEF3C /* ChartViewController.m */ = {isa = PBXFileReference; fileEncoding = 4; lastKnownFileType = sourcecode.c.objc; path = ChartViewController.m; sourceTree = "<group>"; };
/* End PBXFileReference section */

/* Begin PBXFrameworksBuildPhase section */
		A36034671A97F90500DAEF3C /* Frameworks */ = {
			isa = PBXFrameworksBuildPhase;
			buildActionMask = 2147483647;
			files = (
			);
			runOnlyForDeploymentPostprocessing = 0;
		};
		A36034831A97F90500DAEF3C /* Frameworks */ = {
			isa = PBXFrameworksBuildPhase;
			buildActionMask = 2147483647;
			files = (
			);
			runOnlyForDeploymentPostprocessing = 0;
		};
/* End PBXFrameworksBuildPhase section */

/* Begin PBXGroup section */
		A36034611A97F90500DAEF3C = {
			isa = PBXGroup;
			children = (
				A360346C1A97F90500DAEF3C /* SalesforceRPT */,
				A36034891A97F90500DAEF3C /* SalesforceRPTTests */,
				A360346B1A97F90500DAEF3C /* Products */,
			);
			sourceTree = "<group>";
		};
		A360346B1A97F90500DAEF3C /* Products */ = {
			isa = PBXGroup;
			children = (
				A360346A1A97F90500DAEF3C /* SalesforceRPT.app */,
				A36034861A97F90500DAEF3C /* SalesforceRPTTests.xctest */,
			);
			name = Products;
			sourceTree = "<group>";
		};
		A360346C1A97F90500DAEF3C /* SalesforceRPT */ = {
			isa = PBXGroup;
			children = (
				A36034711A97F90500DAEF3C /* AppDelegate.h */,
				A36034721A97F90500DAEF3C /* AppDelegate.m */,
				A36034741A97F90500DAEF3C /* MasterViewController.h */,
				A36034751A97F90500DAEF3C /* MasterViewController.m */,
				A36034A11A98071B00DAEF3C /* Counter.h */,
				A36034A21A98071B00DAEF3C /* Counter.m */,
				A360347D1A97F90500DAEF3C /* Images.xcassets */,
				A360347F1A97F90500DAEF3C /* LaunchScreen.xib */,
				A360346D1A97F90500DAEF3C /* Supporting Files */,
				A36034A41A980AF100DAEF3C /* EventsLogTableViewController.h */,
				A36034A51A980AF100DAEF3C /* EventsLogTableViewController.m */,
				A36034A81A980CC700DAEF3C /* Tracking.h */,
				A36034A91A980CC700DAEF3C /* Tracking.m */,
				A36034AF1A982D4200DAEF3C /* ChartViewController.h */,
				A36034B01A982D4200DAEF3C /* ChartViewController.m */,
			);
			path = SalesforceRPT;
			sourceTree = "<group>";
		};
		A360346D1A97F90500DAEF3C /* Supporting Files */ = {
			isa = PBXGroup;
			children = (
				A360346E1A97F90500DAEF3C /* Info.plist */,
				A360346F1A97F90500DAEF3C /* main.m */,
				A360349C1A97FE4200DAEF3C /* Localizable.strings */,
				A36034AC1A9823F100DAEF3C /* Chart.html */,
			);
			name = "Supporting Files";
			sourceTree = "<group>";
		};
		A36034891A97F90500DAEF3C /* SalesforceRPTTests */ = {
			isa = PBXGroup;
			children = (
				A360348C1A97F90500DAEF3C /* SalesforceRPTTests.m */,
				A360348A1A97F90500DAEF3C /* Supporting Files */,
			);
			path = SalesforceRPTTests;
			sourceTree = "<group>";
		};
		A360348A1A97F90500DAEF3C /* Supporting Files */ = {
			isa = PBXGroup;
			children = (
				A360348B1A97F90500DAEF3C /* Info.plist */,
			);
			name = "Supporting Files";
			sourceTree = "<group>";
		};
/* End PBXGroup section */

/* Begin PBXNativeTarget section */
		A36034691A97F90500DAEF3C /* SalesforceRPT */ = {
			isa = PBXNativeTarget;
			buildConfigurationList = A36034901A97F90500DAEF3C /* Build configuration list for PBXNativeTarget "SalesforceRPT" */;
			buildPhases = (
				A36034661A97F90500DAEF3C /* Sources */,
				A36034671A97F90500DAEF3C /* Frameworks */,
				A36034681A97F90500DAEF3C /* Resources */,
			);
			buildRules = (
			);
			dependencies = (
			);
			name = SalesforceRPT;
			productName = SalesforceRPT;
			productReference = A360346A1A97F90500DAEF3C /* SalesforceRPT.app */;
			productType = "com.apple.product-type.application";
		};
		A36034851A97F90500DAEF3C /* SalesforceRPTTests */ = {
			isa = PBXNativeTarget;
			buildConfigurationList = A36034931A97F90500DAEF3C /* Build configuration list for PBXNativeTarget "SalesforceRPTTests" */;
			buildPhases = (
				A36034821A97F90500DAEF3C /* Sources */,
				A36034831A97F90500DAEF3C /* Frameworks */,
				A36034841A97F90500DAEF3C /* Resources */,
			);
			buildRules = (
			);
			dependencies = (
				A36034881A97F90500DAEF3C /* PBXTargetDependency */,
			);
			name = SalesforceRPTTests;
			productName = SalesforceRPTTests;
			productReference = A36034861A97F90500DAEF3C /* SalesforceRPTTests.xctest */;
			productType = "com.apple.product-type.bundle.unit-test";
		};
/* End PBXNativeTarget section */

/* Begin PBXProject section */
		A36034621A97F90500DAEF3C /* Project object */ = {
			isa = PBXProject;
			attributes = {
				LastUpgradeCheck = 0610;
				ORGANIZATIONNAME = Himanshu;
				TargetAttributes = {
					A36034691A97F90500DAEF3C = {
						CreatedOnToolsVersion = 6.1.1;
					};
					A36034851A97F90500DAEF3C = {
						CreatedOnToolsVersion = 6.1.1;
						TestTargetID = A36034691A97F90500DAEF3C;
					};
				};
			};
			buildConfigurationList = A36034651A97F90500DAEF3C /* Build configuration list for PBXProject "SalesforceRPT" */;
			compatibilityVersion = "Xcode 3.2";
			developmentRegion = English;
			hasScannedForEncodings = 0;
			knownRegions = (
				en,
				Base,
				fr,
				es,
			);
			mainGroup = A36034611A97F90500DAEF3C;
			productRefGroup = A360346B1A97F90500DAEF3C /* Products */;
			projectDirPath = "";
			projectRoot = "";
			targets = (
				A36034691A97F90500DAEF3C /* SalesforceRPT */,
				A36034851A97F90500DAEF3C /* SalesforceRPTTests */,
			);
		};
/* End PBXProject section */

/* Begin PBXResourcesBuildPhase section */
		A36034681A97F90500DAEF3C /* Resources */ = {
			isa = PBXResourcesBuildPhase;
			buildActionMask = 2147483647;
			files = (
				A36034811A97F90500DAEF3C /* LaunchScreen.xib in Resources */,
				A360349A1A97FE4200DAEF3C /* Localizable.strings in Resources */,
				A360347E1A97F90500DAEF3C /* Images.xcassets in Resources */,
				A36034AD1A9823F100DAEF3C /* Chart.html in Resources */,
			);
			runOnlyForDeploymentPostprocessing = 0;
		};
		A36034841A97F90500DAEF3C /* Resources */ = {
			isa = PBXResourcesBuildPhase;
			buildActionMask = 2147483647;
			files = (
				A36034AE1A9823F100DAEF3C /* Chart.html in Resources */,
			);
			runOnlyForDeploymentPostprocessing = 0;
		};
/* End PBXResourcesBuildPhase section */

/* Begin PBXSourcesBuildPhase section */
		A36034661A97F90500DAEF3C /* Sources */ = {
			isa = PBXSourcesBuildPhase;
			buildActionMask = 2147483647;
			files = (
				A36034AA1A980CC700DAEF3C /* Tracking.m in Sources */,
				A36034731A97F90500DAEF3C /* AppDelegate.m in Sources */,
				A36034A61A980AF100DAEF3C /* EventsLogTableViewController.m in Sources */,
				A36034B11A982D4200DAEF3C /* ChartViewController.m in Sources */,
				A36034761A97F90500DAEF3C /* MasterViewController.m in Sources */,
				A36034701A97F90500DAEF3C /* main.m in Sources */,
				A36034A31A98071B00DAEF3C /* Counter.m in Sources */,
			);
			runOnlyForDeploymentPostprocessing = 0;
		};
		A36034821A97F90500DAEF3C /* Sources */ = {
			isa = PBXSourcesBuildPhase;
			buildActionMask = 2147483647;
			files = (
				A36034AB1A980CC700DAEF3C /* Tracking.m in Sources */,
				A36034B21A982D4200DAEF3C /* ChartViewController.m in Sources */,
				A360348D1A97F90500DAEF3C /* SalesforceRPTTests.m in Sources */,
				A36034A71A980AF100DAEF3C /* EventsLogTableViewController.m in Sources */,
			);
			runOnlyForDeploymentPostprocessing = 0;
		};
/* End PBXSourcesBuildPhase section */

/* Begin PBXTargetDependency section */
		A36034881A97F90500DAEF3C /* PBXTargetDependency */ = {
			isa = PBXTargetDependency;
			target = A36034691A97F90500DAEF3C /* SalesforceRPT */;
			targetProxy = A36034871A97F90500DAEF3C /* PBXContainerItemProxy */;
		};
/* End PBXTargetDependency section */

/* Begin PBXVariantGroup section */
		A360347F1A97F90500DAEF3C /* LaunchScreen.xib */ = {
			isa = PBXVariantGroup;
			children = (
				A36034801A97F90500DAEF3C /* Base */,
				A360349E1A98014500DAEF3C /* fr */,
				A360349F1A98014F00DAEF3C /* es */,
			);
			name = LaunchScreen.xib;
			sourceTree = "<group>";
		};
		A360349C1A97FE4200DAEF3C /* Localizable.strings */ = {
			isa = PBXVariantGroup;
			children = (
				A360349B1A97FE4200DAEF3C /* en */,
				A360349D1A98014500DAEF3C /* fr */,
				A36034A01A98014F00DAEF3C /* es */,
			);
			name = Localizable.strings;
			sourceTree = "<group>";
		};
/* End PBXVariantGroup section */

/* Begin XCBuildConfiguration section */
		A360348E1A97F90500DAEF3C /* Debug */ = {
			isa = XCBuildConfiguration;
			buildSettings = {
				ALWAYS_SEARCH_USER_PATHS = NO;
				CLANG_CXX_LANGUAGE_STANDARD = "gnu++0x";
				CLANG_CXX_LIBRARY = "libc++";
				CLANG_ENABLE_MODULES = YES;
				CLANG_ENABLE_OBJC_ARC = YES;
				CLANG_WARN_BOOL_CONVERSION = YES;
				CLANG_WARN_CONSTANT_CONVERSION = YES;
				CLANG_WARN_DIRECT_OBJC_ISA_USAGE = YES_ERROR;
				CLANG_WARN_EMPTY_BODY = YES;
				CLANG_WARN_ENUM_CONVERSION = YES;
				CLANG_WARN_INT_CONVERSION = YES;
				CLANG_WARN_OBJC_ROOT_CLASS = YES_ERROR;
				CLANG_WARN_UNREACHABLE_CODE = YES;
				CLANG_WARN__DUPLICATE_METHOD_MATCH = YES;
				"CODE_SIGN_IDENTITY[sdk=iphoneos*]" = "iPhone Developer";
				COPY_PHASE_STRIP = NO;
				ENABLE_STRICT_OBJC_MSGSEND = YES;
				GCC_C_LANGUAGE_STANDARD = gnu99;
				GCC_DYNAMIC_NO_PIC = NO;
				GCC_OPTIMIZATION_LEVEL = 0;
				GCC_PREPROCESSOR_DEFINITIONS = (
					"DEBUG=1",
					"$(inherited)",
				);
				GCC_SYMBOLS_PRIVATE_EXTERN = NO;
				GCC_WARN_64_TO_32_BIT_CONVERSION = YES;
				GCC_WARN_ABOUT_RETURN_TYPE = YES_ERROR;
				GCC_WARN_UNDECLARED_SELECTOR = YES;
				GCC_WARN_UNINITIALIZED_AUTOS = YES_AGGRESSIVE;
				GCC_WARN_UNUSED_FUNCTION = YES;
				GCC_WARN_UNUSED_VARIABLE = YES;
				IPHONEOS_DEPLOYMENT_TARGET = 8.1;
				MTL_ENABLE_DEBUG_INFO = YES;
				ONLY_ACTIVE_ARCH = YES;
				SDKROOT = iphoneos;
				TARGETED_DEVICE_FAMILY = "1,2";
			};
			name = Debug;
		};
		A360348F1A97F90500DAEF3C /* Release */ = {
			isa = XCBuildConfiguration;
			buildSettings = {
				ALWAYS_SEARCH_USER_PATHS = NO;
				CLANG_CXX_LANGUAGE_STANDARD = "gnu++0x";
				CLANG_CXX_LIBRARY = "libc++";
				CLANG_ENABLE_MODULES = YES;
				CLANG_ENABLE_OBJC_ARC = YES;
				CLANG_WARN_BOOL_CONVERSION = YES;
				CLANG_WARN_CONSTANT_CONVERSION = YES;
				CLANG_WARN_DIRECT_OBJC_ISA_USAGE = YES_ERROR;
				CLANG_WARN_EMPTY_BODY = YES;
				CLANG_WARN_ENUM_CONVERSION = YES;
				CLANG_WARN_INT_CONVERSION = YES;
				CLANG_WARN_OBJC_ROOT_CLASS = YES_ERROR;
				CLANG_WARN_UNREACHABLE_CODE = YES;
				CLANG_WARN__DUPLICATE_METHOD_MATCH = YES;
				"CODE_SIGN_IDENTITY[sdk=iphoneos*]" = "iPhone Developer";
				COPY_PHASE_STRIP = YES;
				ENABLE_NS_ASSERTIONS = NO;
				ENABLE_STRICT_OBJC_MSGSEND = YES;
				GCC_C_LANGUAGE_STANDARD = gnu99;
				GCC_WARN_64_TO_32_BIT_CONVERSION = YES;
				GCC_WARN_ABOUT_RETURN_TYPE = YES_ERROR;
				GCC_WARN_UNDECLARED_SELECTOR = YES;
				GCC_WARN_UNINITIALIZED_AUTOS = YES_AGGRESSIVE;
				GCC_WARN_UNUSED_FUNCTION = YES;
				GCC_WARN_UNUSED_VARIABLE = YES;
				IPHONEOS_DEPLOYMENT_TARGET = 8.1;
				MTL_ENABLE_DEBUG_INFO = NO;
				SDKROOT = iphoneos;
				TARGETED_DEVICE_FAMILY = "1,2";
				VALIDATE_PRODUCT = YES;
			};
			name = Release;
		};
		A36034911A97F90500DAEF3C /* Debug */ = {
			isa = XCBuildConfiguration;
			buildSettings = {
				ASSETCATALOG_COMPILER_APPICON_NAME = AppIcon;
				INFOPLIST_FILE = SalesforceRPT/Info.plist;
				LD_RUNPATH_SEARCH_PATHS = "$(inherited) @executable_path/Frameworks";
				PRODUCT_NAME = "$(TARGET_NAME)";
			};
			name = Debug;
		};
		A36034921A97F90500DAEF3C /* Release */ = {
			isa = XCBuildConfiguration;
			buildSettings = {
				ASSETCATALOG_COMPILER_APPICON_NAME = AppIcon;
				INFOPLIST_FILE = SalesforceRPT/Info.plist;
				LD_RUNPATH_SEARCH_PATHS = "$(inherited) @executable_path/Frameworks";
				PRODUCT_NAME = "$(TARGET_NAME)";
			};
			name = Release;
		};
		A36034941A97F90500DAEF3C /* Debug */ = {
			isa = XCBuildConfiguration;
			buildSettings = {
				BUNDLE_LOADER = "$(TEST_HOST)";
				FRAMEWORK_SEARCH_PATHS = (
					"$(SDKROOT)/Developer/Library/Frameworks",
					"$(inherited)",
				);
				GCC_PREPROCESSOR_DEFINITIONS = (
					"DEBUG=1",
					"$(inherited)",
				);
				INFOPLIST_FILE = SalesforceRPTTests/Info.plist;
				LD_RUNPATH_SEARCH_PATHS = "$(inherited) @executable_path/Frameworks @loader_path/Frameworks";
				PRODUCT_NAME = "$(TARGET_NAME)";
				TEST_HOST = "$(BUILT_PRODUCTS_DIR)/SalesforceRPT.app/SalesforceRPT";
			};
			name = Debug;
		};
		A36034951A97F90500DAEF3C /* Release */ = {
			isa = XCBuildConfiguration;
			buildSettings = {
				BUNDLE_LOADER = "$(TEST_HOST)";
				FRAMEWORK_SEARCH_PATHS = (
					"$(SDKROOT)/Developer/Library/Frameworks",
					"$(inherited)",
				);
				INFOPLIST_FILE = SalesforceRPTTests/Info.plist;
				LD_RUNPATH_SEARCH_PATHS = "$(inherited) @executable_path/Frameworks @loader_path/Frameworks";
				PRODUCT_NAME = "$(TARGET_NAME)";
				TEST_HOST = "$(BUILT_PRODUCTS_DIR)/SalesforceRPT.app/SalesforceRPT";
			};
			name = Release;
		};
/* End XCBuildConfiguration section */

/* Begin XCConfigurationList section */
		A36034651A97F90500DAEF3C /* Build configuration list for PBXProject "SalesforceRPT" */ = {
			isa = XCConfigurationList;
			buildConfigurations = (
				A360348E1A97F90500DAEF3C /* Debug */,
				A360348F1A97F90500DAEF3C /* Release */,
			);
			defaultConfigurationIsVisible = 0;
			defaultConfigurationName = Release;
		};
		A36034901A97F90500DAEF3C /* Build configuration list for PBXNativeTarget "SalesforceRPT" */ = {
			isa = XCConfigurationList;
			buildConfigurations = (
				A36034911A97F90500DAEF3C /* Debug */,
				A36034921A97F90500DAEF3C /* Release */,
			);
			defaultConfigurationIsVisible = 0;
		};
		A36034931A97F90500DAEF3C /* Build configuration list for PBXNativeTarget "SalesforceRPTTests" */ = {
			isa = XCConfigurationList;
			buildConfigurations = (
				A36034941A97F90500DAEF3C /* Debug */,
				A36034951A97F90500DAEF3C /* Release */,
			);
			defaultConfigurationIsVisible = 0;
		};
/* End XCConfigurationList section */
	};
	rootObject = A36034621A97F90500DAEF3C /* Project object */;
}
